// !$*UTF8*$!
{
	archiveVersion = 1;
	classes = {
	};
	objectVersion = 48;
	objects = {

/* Begin PBXBuildFile section */
		7F0898821FE65EF80088BC1E /* SettingViewController.swift in Sources */ = {isa = PBXBuildFile; fileRef = 7F0898811FE65EF80088BC1E /* SettingViewController.swift */; };
		7FC9D4F41FE6171A00BDAA11 /* AppDelegate.swift in Sources */ = {isa = PBXBuildFile; fileRef = 7FC9D4F31FE6171A00BDAA11 /* AppDelegate.swift */; };
		7FC9D4FB1FE6171B00BDAA11 /* Main.storyboard in Resources */ = {isa = PBXBuildFile; fileRef = 7FC9D4F91FE6171B00BDAA11 /* Main.storyboard */; };
		7FC9D4FD1FE6171B00BDAA11 /* Assets.xcassets in Resources */ = {isa = PBXBuildFile; fileRef = 7FC9D4FC1FE6171B00BDAA11 /* Assets.xcassets */; };
		7FC9D5001FE6171B00BDAA11 /* LaunchScreen.storyboard in Resources */ = {isa = PBXBuildFile; fileRef = 7FC9D4FE1FE6171B00BDAA11 /* LaunchScreen.storyboard */; };
		7FC9D50B1FE6171B00BDAA11 /* sdmiTests.swift in Sources */ = {isa = PBXBuildFile; fileRef = 7FC9D50A1FE6171B00BDAA11 /* sdmiTests.swift */; };
		7FC9D5161FE6171B00BDAA11 /* sdmiUITests.swift in Sources */ = {isa = PBXBuildFile; fileRef = 7FC9D5151FE6171B00BDAA11 /* sdmiUITests.swift */; };
		7FC9D5261FE658BA00BDAA11 /* LoginViewController.swift in Sources */ = {isa = PBXBuildFile; fileRef = 7FC9D5251FE658BA00BDAA11 /* LoginViewController.swift */; };
		7FC9D5281FE6594C00BDAA11 /* LinkViewController.swift in Sources */ = {isa = PBXBuildFile; fileRef = 7FC9D5271FE6594C00BDAA11 /* LinkViewController.swift */; };
		7FC9D52E1FE659A600BDAA11 /* StateViewController.swift in Sources */ = {isa = PBXBuildFile; fileRef = 7FC9D52D1FE659A600BDAA11 /* StateViewController.swift */; };
/* End PBXBuildFile section */

/* Begin PBXContainerItemProxy section */
		7FC9D5071FE6171B00BDAA11 /* PBXContainerItemProxy */ = {
			isa = PBXContainerItemProxy;
			containerPortal = 7FC9D4E81FE6171A00BDAA11 /* Project object */;
			proxyType = 1;
			remoteGlobalIDString = 7FC9D4EF1FE6171A00BDAA11;
			remoteInfo = sdmi;
		};
		7FC9D5121FE6171B00BDAA11 /* PBXContainerItemProxy */ = {
			isa = PBXContainerItemProxy;
			containerPortal = 7FC9D4E81FE6171A00BDAA11 /* Project object */;
			proxyType = 1;
			remoteGlobalIDString = 7FC9D4EF1FE6171A00BDAA11;
			remoteInfo = sdmi;
		};
/* End PBXContainerItemProxy section */

/* Begin PBXFileReference section */
		7F0898811FE65EF80088BC1E /* SettingViewController.swift */ = {isa = PBXFileReference; lastKnownFileType = sourcecode.swift; path = SettingViewController.swift; sourceTree = "<group>"; };
		7FC9D4F01FE6171A00BDAA11 /* sdmi.app */ = {isa = PBXFileReference; explicitFileType = wrapper.application; includeInIndex = 0; path = sdmi.app; sourceTree = BUILT_PRODUCTS_DIR; };
		7FC9D4F31FE6171A00BDAA11 /* AppDelegate.swift */ = {isa = PBXFileReference; lastKnownFileType = sourcecode.swift; path = AppDelegate.swift; sourceTree = "<group>"; };
		7FC9D4FA1FE6171B00BDAA11 /* Base */ = {isa = PBXFileReference; lastKnownFileType = file.storyboard; name = Base; path = Base.lproj/Main.storyboard; sourceTree = "<group>"; };
		7FC9D4FC1FE6171B00BDAA11 /* Assets.xcassets */ = {isa = PBXFileReference; lastKnownFileType = folder.assetcatalog; path = Assets.xcassets; sourceTree = "<group>"; };
		7FC9D4FF1FE6171B00BDAA11 /* Base */ = {isa = PBXFileReference; lastKnownFileType = file.storyboard; name = Base; path = Base.lproj/LaunchScreen.storyboard; sourceTree = "<group>"; };
		7FC9D5011FE6171B00BDAA11 /* Info.plist */ = {isa = PBXFileReference; lastKnownFileType = text.plist.xml; path = Info.plist; sourceTree = "<group>"; };
		7FC9D5061FE6171B00BDAA11 /* sdmiTests.xctest */ = {isa = PBXFileReference; explicitFileType = wrapper.cfbundle; includeInIndex = 0; path = sdmiTests.xctest; sourceTree = BUILT_PRODUCTS_DIR; };
		7FC9D50A1FE6171B00BDAA11 /* sdmiTests.swift */ = {isa = PBXFileReference; lastKnownFileType = sourcecode.swift; path = sdmiTests.swift; sourceTree = "<group>"; };
		7FC9D50C1FE6171B00BDAA11 /* Info.plist */ = {isa = PBXFileReference; lastKnownFileType = text.plist.xml; path = Info.plist; sourceTree = "<group>"; };
		7FC9D5111FE6171B00BDAA11 /* sdmiUITests.xctest */ = {isa = PBXFileReference; explicitFileType = wrapper.cfbundle; includeInIndex = 0; path = sdmiUITests.xctest; sourceTree = BUILT_PRODUCTS_DIR; };
		7FC9D5151FE6171B00BDAA11 /* sdmiUITests.swift */ = {isa = PBXFileReference; lastKnownFileType = sourcecode.swift; path = sdmiUITests.swift; sourceTree = "<group>"; };
		7FC9D5171FE6171B00BDAA11 /* Info.plist */ = {isa = PBXFileReference; lastKnownFileType = text.plist.xml; path = Info.plist; sourceTree = "<group>"; };
		7FC9D5251FE658BA00BDAA11 /* LoginViewController.swift */ = {isa = PBXFileReference; lastKnownFileType = sourcecode.swift; path = LoginViewController.swift; sourceTree = "<group>"; };
		7FC9D5271FE6594C00BDAA11 /* LinkViewController.swift */ = {isa = PBXFileReference; lastKnownFileType = sourcecode.swift; path = LinkViewController.swift; sourceTree = "<group>"; };
		7FC9D52D1FE659A600BDAA11 /* StateViewController.swift */ = {isa = PBXFileReference; lastKnownFileType = sourcecode.swift; path = StateViewController.swift; sourceTree = "<group>"; };
/* End PBXFileReference section */

/* Begin PBXFrameworksBuildPhase section */
		7FC9D4ED1FE6171A00BDAA11 /* Frameworks */ = {
			isa = PBXFrameworksBuildPhase;
			buildActionMask = 2147483647;
			files = (
			);
			runOnlyForDeploymentPostprocessing = 0;
		};
		7FC9D5031FE6171B00BDAA11 /* Frameworks */ = {
			isa = PBXFrameworksBuildPhase;
			buildActionMask = 2147483647;
			files = (
			);
			runOnlyForDeploymentPostprocessing = 0;
		};
		7FC9D50E1FE6171B00BDAA11 /* Frameworks */ = {
			isa = PBXFrameworksBuildPhase;
			buildActionMask = 2147483647;
			files = (
			);
			runOnlyForDeploymentPostprocessing = 0;
		};
/* End PBXFrameworksBuildPhase section */

/* Begin PBXGroup section */
		7FC9D4E71FE6171A00BDAA11 = {
			isa = PBXGroup;
			children = (
				7FC9D4F21FE6171A00BDAA11 /* sdmi */,
				7FC9D5091FE6171B00BDAA11 /* sdmiTests */,
				7FC9D5141FE6171B00BDAA11 /* sdmiUITests */,
				7FC9D4F11FE6171A00BDAA11 /* Products */,
			);
			sourceTree = "<group>";
		};
		7FC9D4F11FE6171A00BDAA11 /* Products */ = {
			isa = PBXGroup;
			children = (
				7FC9D4F01FE6171A00BDAA11 /* sdmi.app */,
				7FC9D5061FE6171B00BDAA11 /* sdmiTests.xctest */,
				7FC9D5111FE6171B00BDAA11 /* sdmiUITests.xctest */,
			);
			name = Products;
			sourceTree = "<group>";
		};
		7FC9D4F21FE6171A00BDAA11 /* sdmi */ = {
			isa = PBXGroup;
			children = (
				7FC9D4F31FE6171A00BDAA11 /* AppDelegate.swift */,
				7FC9D5251FE658BA00BDAA11 /* LoginViewController.swift */,
				7FC9D52D1FE659A600BDAA11 /* StateViewController.swift */,
				7FC9D5271FE6594C00BDAA11 /* LinkViewController.swift */,
				7F0898811FE65EF80088BC1E /* SettingViewController.swift */,
				7FC9D4F91FE6171B00BDAA11 /* Main.storyboard */,
				7FC9D4FC1FE6171B00BDAA11 /* Assets.xcassets */,
				7FC9D4FE1FE6171B00BDAA11 /* LaunchScreen.storyboard */,
				7FC9D5011FE6171B00BDAA11 /* Info.plist */,
			);
			path = sdmi;
			sourceTree = "<group>";
		};
		7FC9D5091FE6171B00BDAA11 /* sdmiTests */ = {
			isa = PBXGroup;
			children = (
				7FC9D50A1FE6171B00BDAA11 /* sdmiTests.swift */,
				7FC9D50C1FE6171B00BDAA11 /* Info.plist */,
			);
			path = sdmiTests;
			sourceTree = "<group>";
		};
		7FC9D5141FE6171B00BDAA11 /* sdmiUITests */ = {
			isa = PBXGroup;
			children = (
				7FC9D5151FE6171B00BDAA11 /* sdmiUITests.swift */,
				7FC9D5171FE6171B00BDAA11 /* Info.plist */,
			);
			path = sdmiUITests;
			sourceTree = "<group>";
		};
/* End PBXGroup section */

/* Begin PBXNativeTarget section */
		7FC9D4EF1FE6171A00BDAA11 /* sdmi */ = {
			isa = PBXNativeTarget;
			buildConfigurationList = 7FC9D51A1FE6171B00BDAA11 /* Build configuration list for PBXNativeTarget "sdmi" */;
			buildPhases = (
				7FC9D4EC1FE6171A00BDAA11 /* Sources */,
				7FC9D4ED1FE6171A00BDAA11 /* Frameworks */,
				7FB7C1C91FE7CF4E0082F2D7 /* update App Version */,
				7FC9D4EE1FE6171A00BDAA11 /* Resources */,
			);
			buildRules = (
			);
			dependencies = (
			);
			name = sdmi;
			productName = sdmi;
			productReference = 7FC9D4F01FE6171A00BDAA11 /* sdmi.app */;
			productType = "com.apple.product-type.application";
		};
		7FC9D5051FE6171B00BDAA11 /* sdmiTests */ = {
			isa = PBXNativeTarget;
			buildConfigurationList = 7FC9D51D1FE6171B00BDAA11 /* Build configuration list for PBXNativeTarget "sdmiTests" */;
			buildPhases = (
				7FC9D5021FE6171B00BDAA11 /* Sources */,
				7FC9D5031FE6171B00BDAA11 /* Frameworks */,
				7FC9D5041FE6171B00BDAA11 /* Resources */,
			);
			buildRules = (
			);
			dependencies = (
				7FC9D5081FE6171B00BDAA11 /* PBXTargetDependency */,
			);
			name = sdmiTests;
			productName = sdmiTests;
			productReference = 7FC9D5061FE6171B00BDAA11 /* sdmiTests.xctest */;
			productType = "com.apple.product-type.bundle.unit-test";
		};
		7FC9D5101FE6171B00BDAA11 /* sdmiUITests */ = {
			isa = PBXNativeTarget;
			buildConfigurationList = 7FC9D5201FE6171B00BDAA11 /* Build configuration list for PBXNativeTarget "sdmiUITests" */;
			buildPhases = (
				7FC9D50D1FE6171B00BDAA11 /* Sources */,
				7FC9D50E1FE6171B00BDAA11 /* Frameworks */,
				7FC9D50F1FE6171B00BDAA11 /* Resources */,
			);
			buildRules = (
			);
			dependencies = (
				7FC9D5131FE6171B00BDAA11 /* PBXTargetDependency */,
			);
			name = sdmiUITests;
			productName = sdmiUITests;
			productReference = 7FC9D5111FE6171B00BDAA11 /* sdmiUITests.xctest */;
			productType = "com.apple.product-type.bundle.ui-testing";
		};
/* End PBXNativeTarget section */

/* Begin PBXProject section */
		7FC9D4E81FE6171A00BDAA11 /* Project object */ = {
			isa = PBXProject;
			attributes = {
				LastSwiftUpdateCheck = 0920;
				LastUpgradeCheck = 0920;
				ORGANIZATIONNAME = "王树建";
				TargetAttributes = {
					7FC9D4EF1FE6171A00BDAA11 = {
						CreatedOnToolsVersion = 9.2;
						ProvisioningStyle = Automatic;
					};
					7FC9D5051FE6171B00BDAA11 = {
						CreatedOnToolsVersion = 9.2;
						ProvisioningStyle = Automatic;
						TestTargetID = 7FC9D4EF1FE6171A00BDAA11;
					};
					7FC9D5101FE6171B00BDAA11 = {
						CreatedOnToolsVersion = 9.2;
						ProvisioningStyle = Automatic;
						TestTargetID = 7FC9D4EF1FE6171A00BDAA11;
					};
				};
			};
			buildConfigurationList = 7FC9D4EB1FE6171A00BDAA11 /* Build configuration list for PBXProject "sdmi" */;
			compatibilityVersion = "Xcode 8.0";
			developmentRegion = en;
			hasScannedForEncodings = 0;
			knownRegions = (
				en,
				Base,
			);
			mainGroup = 7FC9D4E71FE6171A00BDAA11;
			productRefGroup = 7FC9D4F11FE6171A00BDAA11 /* Products */;
			projectDirPath = "";
			projectRoot = "";
			targets = (
				7FC9D4EF1FE6171A00BDAA11 /* sdmi */,
				7FC9D5051FE6171B00BDAA11 /* sdmiTests */,
				7FC9D5101FE6171B00BDAA11 /* sdmiUITests */,
			);
		};
/* End PBXProject section */

/* Begin PBXResourcesBuildPhase section */
		7FC9D4EE1FE6171A00BDAA11 /* Resources */ = {
			isa = PBXResourcesBuildPhase;
			buildActionMask = 2147483647;
			files = (
				7FC9D5001FE6171B00BDAA11 /* LaunchScreen.storyboard in Resources */,
				7FC9D4FD1FE6171B00BDAA11 /* Assets.xcassets in Resources */,
				7FC9D4FB1FE6171B00BDAA11 /* Main.storyboard in Resources */,
			);
			runOnlyForDeploymentPostprocessing = 0;
		};
		7FC9D5041FE6171B00BDAA11 /* Resources */ = {
			isa = PBXResourcesBuildPhase;
			buildActionMask = 2147483647;
			files = (
			);
			runOnlyForDeploymentPostprocessing = 0;
		};
		7FC9D50F1FE6171B00BDAA11 /* Resources */ = {
			isa = PBXResourcesBuildPhase;
			buildActionMask = 2147483647;
			files = (
			);
			runOnlyForDeploymentPostprocessing = 0;
		};
/* End PBXResourcesBuildPhase section */

/* Begin PBXShellScriptBuildPhase section */
		7FB7C1C91FE7CF4E0082F2D7 /* update App Version */ = {
			isa = PBXShellScriptBuildPhase;
			buildActionMask = 2147483647;
			files = (
			);
			inputPaths = (
			);
			name = "update App Version";
			outputPaths = (
			);
			runOnlyForDeploymentPostprocessing = 0;
			shellPath = /bin/sh;
			shellScript = "versionNumber=$(/usr/libexec/PlistBuddy -c \"Print :CFBundleShortVersionString\" \"${PROJECT_DIR}/${INFOPLIST_FILE}\")\nsed -i bak -e \"/userLabel=\\\"AppVersion\\\"/s/text=\\\"[^\\\"]*\\\"/text=\\\"版本：$versionNumber\\\"/\" $PROJECT_DIR/sdmi/Base.lproj/LaunchScreen.storyboard";
		};
/* End PBXShellScriptBuildPhase section */

/* Begin PBXSourcesBuildPhase section */
		7FC9D4EC1FE6171A00BDAA11 /* Sources */ = {
			isa = PBXSourcesBuildPhase;
			buildActionMask = 2147483647;
			files = (
				7F0898821FE65EF80088BC1E /* SettingViewController.swift in Sources */,
				7FC9D5261FE658BA00BDAA11 /* LoginViewController.swift in Sources */,
				7FC9D4F41FE6171A00BDAA11 /* AppDelegate.swift in Sources */,
				7FC9D5281FE6594C00BDAA11 /* LinkViewController.swift in Sources */,
				7FC9D52E1FE659A600BDAA11 /* StateViewController.swift in Sources */,
			);
			runOnlyForDeploymentPostprocessing = 0;
		};
		7FC9D5021FE6171B00BDAA11 /* Sources */ = {
			isa = PBXSourcesBuildPhase;
			buildActionMask = 2147483647;
			files = (
				7FC9D50B1FE6171B00BDAA11 /* sdmiTests.swift in Sources */,
			);
			runOnlyForDeploymentPostprocessing = 0;
		};
		7FC9D50D1FE6171B00BDAA11 /* Sources */ = {
			isa = PBXSourcesBuildPhase;
			buildActionMask = 2147483647;
			files = (
				7FC9D5161FE6171B00BDAA11 /* sdmiUITests.swift in Sources */,
			);
			runOnlyForDeploymentPostprocessing = 0;
		};
/* End PBXSourcesBuildPhase section */

/* Begin PBXTargetDependency section */
		7FC9D5081FE6171B00BDAA11 /* PBXTargetDependency */ = {
			isa = PBXTargetDependency;
			target = 7FC9D4EF1FE6171A00BDAA11 /* sdmi */;
			targetProxy = 7FC9D5071FE6171B00BDAA11 /* PBXContainerItemProxy */;
		};
		7FC9D5131FE6171B00BDAA11 /* PBXTargetDependency */ = {
			isa = PBXTargetDependency;
			target = 7FC9D4EF1FE6171A00BDAA11 /* sdmi */;
			targetProxy = 7FC9D5121FE6171B00BDAA11 /* PBXContainerItemProxy */;
		};
/* End PBXTargetDependency section */

/* Begin PBXVariantGroup section */
		7FC9D4F91FE6171B00BDAA11 /* Main.storyboard */ = {
			isa = PBXVariantGroup;
			children = (
				7FC9D4FA1FE6171B00BDAA11 /* Base */,
			);
			name = Main.storyboard;
			sourceTree = "<group>";
		};
		7FC9D4FE1FE6171B00BDAA11 /* LaunchScreen.storyboard */ = {
			isa = PBXVariantGroup;
			children = (
				7FC9D4FF1FE6171B00BDAA11 /* Base */,
			);
			name = LaunchScreen.storyboard;
			sourceTree = "<group>";
		};
/* End PBXVariantGroup section */

/* Begin XCBuildConfiguration section */
		7FC9D5181FE6171B00BDAA11 /* Debug */ = {
			isa = XCBuildConfiguration;
			buildSettings = {
				ALWAYS_SEARCH_USER_PATHS = NO;
				CLANG_ANALYZER_NONNULL = YES;
				CLANG_ANALYZER_NUMBER_OBJECT_CONVERSION = YES_AGGRESSIVE;
				CLANG_CXX_LANGUAGE_STANDARD = "gnu++14";
				CLANG_CXX_LIBRARY = "libc++";
				CLANG_ENABLE_MODULES = YES;
				CLANG_ENABLE_OBJC_ARC = YES;
				CLANG_WARN_BLOCK_CAPTURE_AUTORELEASING = YES;
				CLANG_WARN_BOOL_CONVERSION = YES;
				CLANG_WARN_COMMA = YES;
				CLANG_WARN_CONSTANT_CONVERSION = YES;
				CLANG_WARN_DIRECT_OBJC_ISA_USAGE = YES_ERROR;
				CLANG_WARN_DOCUMENTATION_COMMENTS = YES;
				CLANG_WARN_EMPTY_BODY = YES;
				CLANG_WARN_ENUM_CONVERSION = YES;
				CLANG_WARN_INFINITE_RECURSION = YES;
				CLANG_WARN_INT_CONVERSION = YES;
				CLANG_WARN_NON_LITERAL_NULL_CONVERSION = YES;
				CLANG_WARN_OBJC_LITERAL_CONVERSION = YES;
				CLANG_WARN_OBJC_ROOT_CLASS = YES_ERROR;
				CLANG_WARN_RANGE_LOOP_ANALYSIS = YES;
				CLANG_WARN_STRICT_PROTOTYPES = YES;
				CLANG_WARN_SUSPICIOUS_MOVE = YES;
				CLANG_WARN_UNGUARDED_AVAILABILITY = YES_AGGRESSIVE;
				CLANG_WARN_UNREACHABLE_CODE = YES;
				CLANG_WARN__DUPLICATE_METHOD_MATCH = YES;
				CODE_SIGN_IDENTITY = "iPhone Developer";
				COPY_PHASE_STRIP = NO;
				DEBUG_INFORMATION_FORMAT = dwarf;
				ENABLE_STRICT_OBJC_MSGSEND = YES;
				ENABLE_TESTABILITY = YES;
				GCC_C_LANGUAGE_STANDARD = gnu11;
				GCC_DYNAMIC_NO_PIC = NO;
				GCC_NO_COMMON_BLOCKS = YES;
				GCC_OPTIMIZATION_LEVEL = 0;
				GCC_PREPROCESSOR_DEFINITIONS = (
					"DEBUG=1",
					"$(inherited)",
				);
				GCC_WARN_64_TO_32_BIT_CONVERSION = YES;
				GCC_WARN_ABOUT_RETURN_TYPE = YES_ERROR;
				GCC_WARN_UNDECLARED_SELECTOR = YES;
				GCC_WARN_UNINITIALIZED_AUTOS = YES_AGGRESSIVE;
				GCC_WARN_UNUSED_FUNCTION = YES;
				GCC_WARN_UNUSED_VARIABLE = YES;
				IPHONEOS_DEPLOYMENT_TARGET = 11.2;
				MTL_ENABLE_DEBUG_INFO = YES;
				ONLY_ACTIVE_ARCH = YES;
				SDKROOT = iphoneos;
				SWIFT_ACTIVE_COMPILATION_CONDITIONS = DEBUG;
				SWIFT_OPTIMIZATION_LEVEL = "-Onone";
			};
			name = Debug;
		};
		7FC9D5191FE6171B00BDAA11 /* Release */ = {
			isa = XCBuildConfiguration;
			buildSettings = {
				ALWAYS_SEARCH_USER_PATHS = NO;
				CLANG_ANALYZER_NONNULL = YES;
				CLANG_ANALYZER_NUMBER_OBJECT_CONVERSION = YES_AGGRESSIVE;
				CLANG_CXX_LANGUAGE_STANDARD = "gnu++14";
				CLANG_CXX_LIBRARY = "libc++";
				CLANG_ENABLE_MODULES = YES;
				CLANG_ENABLE_OBJC_ARC = YES;
				CLANG_WARN_BLOCK_CAPTURE_AUTORELEASING = YES;
				CLANG_WARN_BOOL_CONVERSION = YES;
				CLANG_WARN_COMMA = YES;
				CLANG_WARN_CONSTANT_CONVERSION = YES;
				CLANG_WARN_DIRECT_OBJC_ISA_USAGE = YES_ERROR;
				CLANG_WARN_DOCUMENTATION_COMMENTS = YES;
				CLANG_WARN_EMPTY_BODY = YES;
				CLANG_WARN_ENUM_CONVERSION = YES;
				CLANG_WARN_INFINITE_RECURSION = YES;
				CLANG_WARN_INT_CONVERSION = YES;
				CLANG_WARN_NON_LITERAL_NULL_CONVERSION = YES;
				CLANG_WARN_OBJC_LITERAL_CONVERSION = YES;
				CLANG_WARN_OBJC_ROOT_CLASS = YES_ERROR;
				CLANG_WARN_RANGE_LOOP_ANALYSIS = YES;
				CLANG_WARN_STRICT_PROTOTYPES = YES;
				CLANG_WARN_SUSPICIOUS_MOVE = YES;
				CLANG_WARN_UNGUARDED_AVAILABILITY = YES_AGGRESSIVE;
				CLANG_WARN_UNREACHABLE_CODE = YES;
				CLANG_WARN__DUPLICATE_METHOD_MATCH = YES;
				CODE_SIGN_IDENTITY = "iPhone Developer";
				COPY_PHASE_STRIP = NO;
				DEBUG_INFORMATION_FORMAT = "dwarf-with-dsym";
				ENABLE_NS_ASSERTIONS = NO;
				ENABLE_STRICT_OBJC_MSGSEND = YES;
				GCC_C_LANGUAGE_STANDARD = gnu11;
				GCC_NO_COMMON_BLOCKS = YES;
				GCC_WARN_64_TO_32_BIT_CONVERSION = YES;
				GCC_WARN_ABOUT_RETURN_TYPE = YES_ERROR;
				GCC_WARN_UNDECLARED_SELECTOR = YES;
				GCC_WARN_UNINITIALIZED_AUTOS = YES_AGGRESSIVE;
				GCC_WARN_UNUSED_FUNCTION = YES;
				GCC_WARN_UNUSED_VARIABLE = YES;
				IPHONEOS_DEPLOYMENT_TARGET = 11.2;
				MTL_ENABLE_DEBUG_INFO = NO;
				SDKROOT = iphoneos;
				SWIFT_OPTIMIZATION_LEVEL = "-Owholemodule";
				VALIDATE_PRODUCT = YES;
			};
			name = Release;
		};
		7FC9D51B1FE6171B00BDAA11 /* Debug */ = {
			isa = XCBuildConfiguration;
			buildSettings = {
				ASSETCATALOG_COMPILER_APPICON_NAME = AppIcon;
				CODE_SIGN_STYLE = Automatic;
				DEVELOPMENT_TEAM = Y493GZLVA9;
				INFOPLIST_FILE = sdmi/Info.plist;
				IPHONEOS_DEPLOYMENT_TARGET = 11.0;
				LD_RUNPATH_SEARCH_PATHS = "$(inherited) @executable_path/Frameworks";
				PRODUCT_BUNDLE_IDENTIFIER = "shujian.wang-inphcreate.com.sdmi";
				PRODUCT_NAME = "$(TARGET_NAME)";
				SWIFT_VERSION = 4.0;
				TARGETED_DEVICE_FAMILY = 2;
			};
			name = Debug;
		};
		7FC9D51C1FE6171B00BDAA11 /* Release */ = {
			isa = XCBuildConfiguration;
			buildSettings = {
				ASSETCATALOG_COMPILER_APPICON_NAME = AppIcon;
				CODE_SIGN_STYLE = Automatic;
				DEVELOPMENT_TEAM = Y493GZLVA9;
				INFOPLIST_FILE = sdmi/Info.plist;
				IPHONEOS_DEPLOYMENT_TARGET = 11.0;
				LD_RUNPATH_SEARCH_PATHS = "$(inherited) @executable_path/Frameworks";
				PRODUCT_BUNDLE_IDENTIFIER = "shujian.wang-inphcreate.com.sdmi";
				PRODUCT_NAME = "$(TARGET_NAME)";
				SWIFT_VERSION = 4.0;
				TARGETED_DEVICE_FAMILY = 2;
			};
			name = Release;
		};
		7FC9D51E1FE6171B00BDAA11 /* Debug */ = {
			isa = XCBuildConfiguration;
			buildSettings = {
				ALWAYS_EMBED_SWIFT_STANDARD_LIBRARIES = YES;
				BUNDLE_LOADER = "$(TEST_HOST)";
				CODE_SIGN_STYLE = Automatic;
				DEVELOPMENT_TEAM = Y493GZLVA9;
				INFOPLIST_FILE = sdmiTests/Info.plist;
				LD_RUNPATH_SEARCH_PATHS = "$(inherited) @executable_path/Frameworks @loader_path/Frameworks";
				PRODUCT_BUNDLE_IDENTIFIER = "shujian.wang-inphcreate.com.sdmiTests";
				PRODUCT_NAME = "$(TARGET_NAME)";
				SWIFT_VERSION = 4.0;
				TARGETED_DEVICE_FAMILY = "1,2";
				TEST_HOST = "$(BUILT_PRODUCTS_DIR)/sdmi.app/sdmi";
			};
			name = Debug;
		};
		7FC9D51F1FE6171B00BDAA11 /* Release */ = {
			isa = XCBuildConfiguration;
			buildSettings = {
				ALWAYS_EMBED_SWIFT_STANDARD_LIBRARIES = YES;
				BUNDLE_LOADER = "$(TEST_HOST)";
				CODE_SIGN_STYLE = Automatic;
				DEVELOPMENT_TEAM = Y493GZLVA9;
				INFOPLIST_FILE = sdmiTests/Info.plist;
				LD_RUNPATH_SEARCH_PATHS = "$(inherited) @executable_path/Frameworks @loader_path/Frameworks";
				PRODUCT_BUNDLE_IDENTIFIER = "shujian.wang-inphcreate.com.sdmiTests";
				PRODUCT_NAME = "$(TARGET_NAME)";
				SWIFT_VERSION = 4.0;
				TARGETED_DEVICE_FAMILY = "1,2";
				TEST_HOST = "$(BUILT_PRODUCTS_DIR)/sdmi.app/sdmi";
			};
			name = Release;
		};
		7FC9D5211FE6171B00BDAA11 /* Debug */ = {
			isa = XCBuildConfiguration;
			buildSettings = {
				ALWAYS_EMBED_SWIFT_STANDARD_LIBRARIES = YES;
				CODE_SIGN_STYLE = Automatic;
				DEVELOPMENT_TEAM = Y493GZLVA9;
				INFOPLIST_FILE = sdmiUITests/Info.plist;
				LD_RUNPATH_SEARCH_PATHS = "$(inherited) @executable_path/Frameworks @loader_path/Frameworks";
				PRODUCT_BUNDLE_IDENTIFIER = "shujian.wang-inphcreate.com.sdmiUITests";
				PRODUCT_NAME = "$(TARGET_NAME)";
				SWIFT_VERSION = 4.0;
				TARGETED_DEVICE_FAMILY = "1,2";
				TEST_TARGET_NAME = sdmi;
			};
			name = Debug;
		};
		7FC9D5221FE6171B00BDAA11 /* Release */ = {
			isa = XCBuildConfiguration;
			buildSettings = {
				ALWAYS_EMBED_SWIFT_STANDARD_LIBRARIES = YES;
				CODE_SIGN_STYLE = Automatic;
				DEVELOPMENT_TEAM = Y493GZLVA9;
				INFOPLIST_FILE = sdmiUITests/Info.plist;
				LD_RUNPATH_SEARCH_PATHS = "$(inherited) @executable_path/Frameworks @loader_path/Frameworks";
				PRODUCT_BUNDLE_IDENTIFIER = "shujian.wang-inphcreate.com.sdmiUITests";
				PRODUCT_NAME = "$(TARGET_NAME)";
				SWIFT_VERSION = 4.0;
				TARGETED_DEVICE_FAMILY = "1,2";
				TEST_TARGET_NAME = sdmi;
			};
			name = Release;
		};
/* End XCBuildConfiguration section */

/* Begin XCConfigurationList section */
		7FC9D4EB1FE6171A00BDAA11 /* Build configuration list for PBXProject "sdmi" */ = {
			isa = XCConfigurationList;
			buildConfigurations = (
				7FC9D5181FE6171B00BDAA11 /* Debug */,
				7FC9D5191FE6171B00BDAA11 /* Release */,
			);
			defaultConfigurationIsVisible = 0;
			defaultConfigurationName = Release;
		};
		7FC9D51A1FE6171B00BDAA11 /* Build configuration list for PBXNativeTarget "sdmi" */ = {
			isa = XCConfigurationList;
			buildConfigurations = (
				7FC9D51B1FE6171B00BDAA11 /* Debug */,
				7FC9D51C1FE6171B00BDAA11 /* Release */,
			);
			defaultConfigurationIsVisible = 0;
			defaultConfigurationName = Release;
		};
		7FC9D51D1FE6171B00BDAA11 /* Build configuration list for PBXNativeTarget "sdmiTests" */ = {
			isa = XCConfigurationList;
			buildConfigurations = (
				7FC9D51E1FE6171B00BDAA11 /* Debug */,
				7FC9D51F1FE6171B00BDAA11 /* Release */,
			);
			defaultConfigurationIsVisible = 0;
			defaultConfigurationName = Release;
		};
		7FC9D5201FE6171B00BDAA11 /* Build configuration list for PBXNativeTarget "sdmiUITests" */ = {
			isa = XCConfigurationList;
			buildConfigurations = (
				7FC9D5211FE6171B00BDAA11 /* Debug */,
				7FC9D5221FE6171B00BDAA11 /* Release */,
			);
			defaultConfigurationIsVisible = 0;
			defaultConfigurationName = Release;
		};
/* End XCConfigurationList section */
	};
	rootObject = 7FC9D4E81FE6171A00BDAA11 /* Project object */;
}
